
Microsoft Visual Studio Solution File, Format Version 12.00
# Visual Studio 2017
Project("{FAE04EC0-301F-11D3-BF4B-00C04F79EFBC}") = "The Ball", "The Ball.csproj", "{B681E44E-F70D-1C91-C7CA-6F9331183A43}"
EndProject
Global
	GlobalSection(SolutionConfigurationPlatforms) = preSolution
		Debug|Any CPU = Debug|Any CPU
		Release|Any CPU = Release|Any CPU
	EndGlobalSection
	GlobalSection(ProjectConfigurationPlatforms) = postSolution
		{B681E44E-F70D-1C91-C7CA-6F9331183A43}.Debug|Any CPU.ActiveCfg = Debug|Any CPU
		{B681E44E-F70D-1C91-C7CA-6F9331183A43}.Debug|Any CPU.Build.0 = Debug|Any CPU
		{B681E44E-F70D-1C91-C7CA-6F9331183A43}.Release|Any CPU.ActiveCfg = Release|Any CPU
		{B681E44E-F70D-1C91-C7CA-6F9331183A43}.Release|Any CPU.Build.0 = Release|Any CPU
	EndGlobalSection
	GlobalSection(SolutionProperties) = preSolution
		HideSolutionNode = FALSE
	EndGlobalSection
EndGlobal
